
Microsoft Visual Studio Solution File, Format Version 12.00
# Visual Studio Version 17
VisualStudioVersion = 17.1.32228.430
MinimumVisualStudioVersion = 10.0.40219.1
Project("{FAE04EC0-301F-11D3-BF4B-00C04F79EFBC}") = "WebApp", "WebApp\WebApp.csproj", "{8CECFD46-7E83-4A27-BDD4-BF2CC3948DFE}"
EndProject
Global
	GlobalSection(SolutionConfigurationPlatforms) = preSolution
		Debug|Any CPU = Debug|Any CPU
		Release|Any CPU = Release|Any CPU
	EndGlobalSection
	GlobalSection(ProjectConfigurationPlatforms) = postSolution
		{8CECFD46-7E83-4A27-BDD4-BF2CC3948DFE}.Debug|Any CPU.ActiveCfg = Debug|Any CPU
		{8CECFD46-7E83-4A27-BDD4-BF2CC3948DFE}.Debug|Any CPU.Build.0 = Debug|Any CPU
		{8CECFD46-7E83-4A27-BDD4-BF2CC3948DFE}.Release|Any CPU.ActiveCfg = Release|Any CPU
		{8CECFD46-7E83-4A27-BDD4-BF2CC3948DFE}.Release|Any CPU.Build.0 = Release|Any CPU
	EndGlobalSection
	GlobalSection(SolutionProperties) = preSolution
		HideSolutionNode = FALSE
	EndGlobalSection
	GlobalSection(ExtensibilityGlobals) = postSolution
		SolutionGuid = {BB656EEB-E7AD-4D1B-8200-A7A947DB1B70}
	EndGlobalSection
EndGlobal
